
Microsoft Visual Studio Solution File, Format Version 12.00
# Visual Studio Version 17
VisualStudioVersion = 17.7.34202.233
MinimumVisualStudioVersion = 10.0.40219.1
Project("{9A19103F-16F7-4668-BE54-9A1E7A4F7556}") = "Authentication and Authorization", "Authentication and Authorization\Authentication and Authorization.csproj", "{C878CEB2-10DC-457F-89B6-4C3490B7BC26}"
EndProject
Project("{2150E333-8FDC-42A3-9474-1A3956D46DE8}") = "Solution Items", "Solution Items", "{FEADE343-27F7-4BEF-9402-0B6944399CD3}"
	ProjectSection(SolutionItems) = preProject
		README.md = README.md
	EndProjectSection
EndProject
Global
	GlobalSection(SolutionConfigurationPlatforms) = preSolution
		Debug|Any CPU = Debug|Any CPU
		Release|Any CPU = Release|Any CPU
	EndGlobalSection
	GlobalSection(ProjectConfigurationPlatforms) = postSolution
		{C878CEB2-10DC-457F-89B6-4C3490B7BC26}.Debug|Any CPU.ActiveCfg = Debug|Any CPU
		{C878CEB2-10DC-457F-89B6-4C3490B7BC26}.Debug|Any CPU.Build.0 = Debug|Any CPU
		{C878CEB2-10DC-457F-89B6-4C3490B7BC26}.Release|Any CPU.ActiveCfg = Release|Any CPU
		{C878CEB2-10DC-457F-89B6-4C3490B7BC26}.Release|Any CPU.Build.0 = Release|Any CPU
	EndGlobalSection
	GlobalSection(SolutionProperties) = preSolution
		HideSolutionNode = FALSE
	EndGlobalSection
	GlobalSection(ExtensibilityGlobals) = postSolution
		SolutionGuid = {89C0C035-ACB8-42A1-B35D-4C00C1C0407F}
	EndGlobalSection
EndGlobal
